
Microsoft Visual Studio Solution File, Format Version 12.00
# Visual Studio 15
VisualStudioVersion = 15.0.27428.2043
MinimumVisualStudioVersion = 10.0.40219.1
Project("{FAE04EC0-301F-11D3-BF4B-00C04F79EFBC}") = "LibNPKIExample", "LibNPKIExample\LibNPKIExample.csproj", "{C3124558-615C-48D4-B6E3-D2288BEE6429}"
EndProject
Project("{FAE04EC0-301F-11D3-BF4B-00C04F79EFBC}") = "LibNPKI", "LibNPKI\LibNPKI.csproj", "{FA319C3B-365D-430E-9FF7-40AA78D30AF1}"
EndProject
Global
	GlobalSection(SolutionConfigurationPlatforms) = preSolution
		Debug|Any CPU = Debug|Any CPU
		Release|Any CPU = Release|Any CPU
	EndGlobalSection
	GlobalSection(ProjectConfigurationPlatforms) = postSolution
		{C3124558-615C-48D4-B6E3-D2288BEE6429}.Debug|Any CPU.ActiveCfg = Debug|Any CPU
		{C3124558-615C-48D4-B6E3-D2288BEE6429}.Debug|Any CPU.Build.0 = Debug|Any CPU
		{C3124558-615C-48D4-B6E3-D2288BEE6429}.Release|Any CPU.ActiveCfg = Release|Any CPU
		{C3124558-615C-48D4-B6E3-D2288BEE6429}.Release|Any CPU.Build.0 = Release|Any CPU
		{FA319C3B-365D-430E-9FF7-40AA78D30AF1}.Debug|Any CPU.ActiveCfg = Debug|Any CPU
		{FA319C3B-365D-430E-9FF7-40AA78D30AF1}.Debug|Any CPU.Build.0 = Debug|Any CPU
		{FA319C3B-365D-430E-9FF7-40AA78D30AF1}.Release|Any CPU.ActiveCfg = Release|Any CPU
		{FA319C3B-365D-430E-9FF7-40AA78D30AF1}.Release|Any CPU.Build.0 = Release|Any CPU
	EndGlobalSection
	GlobalSection(SolutionProperties) = preSolution
		HideSolutionNode = FALSE
	EndGlobalSection
	GlobalSection(ExtensibilityGlobals) = postSolution
		SolutionGuid = {79F8832D-8412-4BB0-A15D-19EF4D0CB5D1}
	EndGlobalSection
EndGlobal
